// !$*UTF8*$!
{
	archiveVersion = 1;
	classes = {
	};
	objectVersion = 50;
	objects = {

/* Begin PBXBuildFile section */
		718F7C56261DAB4F006AE639 /* AppDelegate.swift in Sources */ = {isa = PBXBuildFile; fileRef = 718F7C55261DAB4F006AE639 /* AppDelegate.swift */; };
		718F7C58261DAB4F006AE639 /* SceneDelegate.swift in Sources */ = {isa = PBXBuildFile; fileRef = 718F7C57261DAB4F006AE639 /* SceneDelegate.swift */; };
		718F7C5A261DAB4F006AE639 /* ViewController.swift in Sources */ = {isa = PBXBuildFile; fileRef = 718F7C59261DAB4F006AE639 /* ViewController.swift */; };
		718F7C5D261DAB4F006AE639 /* Main.storyboard in Resources */ = {isa = PBXBuildFile; fileRef = 718F7C5B261DAB4F006AE639 /* Main.storyboard */; };
		718F7C5F261DAB55006AE639 /* Assets.xcassets in Resources */ = {isa = PBXBuildFile; fileRef = 718F7C5E261DAB55006AE639 /* Assets.xcassets */; };
		718F7C62261DAB55006AE639 /* LaunchScreen.storyboard in Resources */ = {isa = PBXBuildFile; fileRef = 718F7C60261DAB55006AE639 /* LaunchScreen.storyboard */; };
		718F7C6D261DAB55006AE639 /* NotificationTests.swift in Sources */ = {isa = PBXBuildFile; fileRef = 718F7C6C261DAB55006AE639 /* NotificationTests.swift */; };
		718F7C78261DAB55006AE639 /* NotificationUITests.swift in Sources */ = {isa = PBXBuildFile; fileRef = 718F7C77261DAB55006AE639 /* NotificationUITests.swift */; };
/* End PBXBuildFile section */

/* Begin PBXContainerItemProxy section */
		718F7C69261DAB55006AE639 /* PBXContainerItemProxy */ = {
			isa = PBXContainerItemProxy;
			containerPortal = 718F7C4A261DAB4F006AE639 /* Project object */;
			proxyType = 1;
			remoteGlobalIDString = 718F7C51261DAB4F006AE639;
			remoteInfo = Notification;
		};
		718F7C74261DAB55006AE639 /* PBXContainerItemProxy */ = {
			isa = PBXContainerItemProxy;
			containerPortal = 718F7C4A261DAB4F006AE639 /* Project object */;
			proxyType = 1;
			remoteGlobalIDString = 718F7C51261DAB4F006AE639;
			remoteInfo = Notification;
		};
/* End PBXContainerItemProxy section */

/* Begin PBXFileReference section */
		718F7C52261DAB4F006AE639 /* Notification.app */ = {isa = PBXFileReference; explicitFileType = wrapper.application; includeInIndex = 0; path = Notification.app; sourceTree = BUILT_PRODUCTS_DIR; };
		718F7C55261DAB4F006AE639 /* AppDelegate.swift */ = {isa = PBXFileReference; lastKnownFileType = sourcecode.swift; path = AppDelegate.swift; sourceTree = "<group>"; };
		718F7C57261DAB4F006AE639 /* SceneDelegate.swift */ = {isa = PBXFileReference; lastKnownFileType = sourcecode.swift; path = SceneDelegate.swift; sourceTree = "<group>"; };
		718F7C59261DAB4F006AE639 /* ViewController.swift */ = {isa = PBXFileReference; lastKnownFileType = sourcecode.swift; path = ViewController.swift; sourceTree = "<group>"; };
		718F7C5C261DAB4F006AE639 /* Base */ = {isa = PBXFileReference; lastKnownFileType = file.storyboard; name = Base; path = Base.lproj/Main.storyboard; sourceTree = "<group>"; };
		718F7C5E261DAB55006AE639 /* Assets.xcassets */ = {isa = PBXFileReference; lastKnownFileType = folder.assetcatalog; path = Assets.xcassets; sourceTree = "<group>"; };
		718F7C61261DAB55006AE639 /* Base */ = {isa = PBXFileReference; lastKnownFileType = file.storyboard; name = Base; path = Base.lproj/LaunchScreen.storyboard; sourceTree = "<group>"; };
		718F7C63261DAB55006AE639 /* Info.plist */ = {isa = PBXFileReference; lastKnownFileType = text.plist.xml; path = Info.plist; sourceTree = "<group>"; };
		718F7C68261DAB55006AE639 /* NotificationTests.xctest */ = {isa = PBXFileReference; explicitFileType = wrapper.cfbundle; includeInIndex = 0; path = NotificationTests.xctest; sourceTree = BUILT_PRODUCTS_DIR; };
		718F7C6C261DAB55006AE639 /* NotificationTests.swift */ = {isa = PBXFileReference; lastKnownFileType = sourcecode.swift; path = NotificationTests.swift; sourceTree = "<group>"; };
		718F7C6E261DAB55006AE639 /* Info.plist */ = {isa = PBXFileReference; lastKnownFileType = text.plist.xml; path = Info.plist; sourceTree = "<group>"; };
		718F7C73261DAB55006AE639 /* NotificationUITests.xctest */ = {isa = PBXFileReference; explicitFileType = wrapper.cfbundle; includeInIndex = 0; path = NotificationUITests.xctest; sourceTree = BUILT_PRODUCTS_DIR; };
		718F7C77261DAB55006AE639 /* NotificationUITests.swift */ = {isa = PBXFileReference; lastKnownFileType = sourcecode.swift; path = NotificationUITests.swift; sourceTree = "<group>"; };
		718F7C79261DAB55006AE639 /* Info.plist */ = {isa = PBXFileReference; lastKnownFileType = text.plist.xml; path = Info.plist; sourceTree = "<group>"; };
/* End PBXFileReference section */

/* Begin PBXFrameworksBuildPhase section */
		718F7C4F261DAB4F006AE639 /* Frameworks */ = {
			isa = PBXFrameworksBuildPhase;
			buildActionMask = 2147483647;
			files = (
			);
			runOnlyForDeploymentPostprocessing = 0;
		};
		718F7C65261DAB55006AE639 /* Frameworks */ = {
			isa = PBXFrameworksBuildPhase;
			buildActionMask = 2147483647;
			files = (
			);
			runOnlyForDeploymentPostprocessing = 0;
		};
		718F7C70261DAB55006AE639 /* Frameworks */ = {
			isa = PBXFrameworksBuildPhase;
			buildActionMask = 2147483647;
			files = (
			);
			runOnlyForDeploymentPostprocessing = 0;
		};
/* End PBXFrameworksBuildPhase section */

/* Begin PBXGroup section */
		718F7C49261DAB4F006AE639 = {
			isa = PBXGroup;
			children = (
				718F7C54261DAB4F006AE639 /* Notification */,
				718F7C6B261DAB55006AE639 /* NotificationTests */,
				718F7C76261DAB55006AE639 /* NotificationUITests */,
				718F7C53261DAB4F006AE639 /* Products */,
			);
			sourceTree = "<group>";
		};
		718F7C53261DAB4F006AE639 /* Products */ = {
			isa = PBXGroup;
			children = (
				718F7C52261DAB4F006AE639 /* Notification.app */,
				718F7C68261DAB55006AE639 /* NotificationTests.xctest */,
				718F7C73261DAB55006AE639 /* NotificationUITests.xctest */,
			);
			name = Products;
			sourceTree = "<group>";
		};
		718F7C54261DAB4F006AE639 /* Notification */ = {
			isa = PBXGroup;
			children = (
				718F7C55261DAB4F006AE639 /* AppDelegate.swift */,
				718F7C57261DAB4F006AE639 /* SceneDelegate.swift */,
				718F7C59261DAB4F006AE639 /* ViewController.swift */,
				718F7C5B261DAB4F006AE639 /* Main.storyboard */,
				718F7C5E261DAB55006AE639 /* Assets.xcassets */,
				718F7C60261DAB55006AE639 /* LaunchScreen.storyboard */,
				718F7C63261DAB55006AE639 /* Info.plist */,
			);
			path = Notification;
			sourceTree = "<group>";
		};
		718F7C6B261DAB55006AE639 /* NotificationTests */ = {
			isa = PBXGroup;
			children = (
				718F7C6C261DAB55006AE639 /* NotificationTests.swift */,
				718F7C6E261DAB55006AE639 /* Info.plist */,
			);
			path = NotificationTests;
			sourceTree = "<group>";
		};
		718F7C76261DAB55006AE639 /* NotificationUITests */ = {
			isa = PBXGroup;
			children = (
				718F7C77261DAB55006AE639 /* NotificationUITests.swift */,
				718F7C79261DAB55006AE639 /* Info.plist */,
			);
			path = NotificationUITests;
			sourceTree = "<group>";
		};
/* End PBXGroup section */

/* Begin PBXNativeTarget section */
		718F7C51261DAB4F006AE639 /* Notification */ = {
			isa = PBXNativeTarget;
			buildConfigurationList = 718F7C7C261DAB55006AE639 /* Build configuration list for PBXNativeTarget "Notification" */;
			buildPhases = (
				718F7C4E261DAB4F006AE639 /* Sources */,
				718F7C4F261DAB4F006AE639 /* Frameworks */,
				718F7C50261DAB4F006AE639 /* Resources */,
			);
			buildRules = (
			);
			dependencies = (
			);
			name = Notification;
			productName = Notification;
			productReference = 718F7C52261DAB4F006AE639 /* Notification.app */;
			productType = "com.apple.product-type.application";
		};
		718F7C67261DAB55006AE639 /* NotificationTests */ = {
			isa = PBXNativeTarget;
			buildConfigurationList = 718F7C7F261DAB55006AE639 /* Build configuration list for PBXNativeTarget "NotificationTests" */;
			buildPhases = (
				718F7C64261DAB55006AE639 /* Sources */,
				718F7C65261DAB55006AE639 /* Frameworks */,
				718F7C66261DAB55006AE639 /* Resources */,
			);
			buildRules = (
			);
			dependencies = (
				718F7C6A261DAB55006AE639 /* PBXTargetDependency */,
			);
			name = NotificationTests;
			productName = NotificationTests;
			productReference = 718F7C68261DAB55006AE639 /* NotificationTests.xctest */;
			productType = "com.apple.product-type.bundle.unit-test";
		};
		718F7C72261DAB55006AE639 /* NotificationUITests */ = {
			isa = PBXNativeTarget;
			buildConfigurationList = 718F7C82261DAB55006AE639 /* Build configuration list for PBXNativeTarget "NotificationUITests" */;
			buildPhases = (
				718F7C6F261DAB55006AE639 /* Sources */,
				718F7C70261DAB55006AE639 /* Frameworks */,
				718F7C71261DAB55006AE639 /* Resources */,
			);
			buildRules = (
			);
			dependencies = (
				718F7C75261DAB55006AE639 /* PBXTargetDependency */,
			);
			name = NotificationUITests;
			productName = NotificationUITests;
			productReference = 718F7C73261DAB55006AE639 /* NotificationUITests.xctest */;
			productType = "com.apple.product-type.bundle.ui-testing";
		};
/* End PBXNativeTarget section */

/* Begin PBXProject section */
		718F7C4A261DAB4F006AE639 /* Project object */ = {
			isa = PBXProject;
			attributes = {
				LastSwiftUpdateCheck = 1170;
				LastUpgradeCheck = 1170;
				ORGANIZATIONNAME = TSC;
				TargetAttributes = {
					718F7C51261DAB4F006AE639 = {
						CreatedOnToolsVersion = 11.7;
					};
					718F7C67261DAB55006AE639 = {
						CreatedOnToolsVersion = 11.7;
						TestTargetID = 718F7C51261DAB4F006AE639;
					};
					718F7C72261DAB55006AE639 = {
						CreatedOnToolsVersion = 11.7;
						TestTargetID = 718F7C51261DAB4F006AE639;
					};
				};
			};
			buildConfigurationList = 718F7C4D261DAB4F006AE639 /* Build configuration list for PBXProject "Notification" */;
			compatibilityVersion = "Xcode 9.3";
			developmentRegion = en;
			hasScannedForEncodings = 0;
			knownRegions = (
				en,
				Base,
			);
			mainGroup = 718F7C49261DAB4F006AE639;
			productRefGroup = 718F7C53261DAB4F006AE639 /* Products */;
			projectDirPath = "";
			projectRoot = "";
			targets = (
				718F7C51261DAB4F006AE639 /* Notification */,
				718F7C67261DAB55006AE639 /* NotificationTests */,
				718F7C72261DAB55006AE639 /* NotificationUITests */,
			);
		};
/* End PBXProject section */

/* Begin PBXResourcesBuildPhase section */
		718F7C50261DAB4F006AE639 /* Resources */ = {
			isa = PBXResourcesBuildPhase;
			buildActionMask = 2147483647;
			files = (
				718F7C62261DAB55006AE639 /* LaunchScreen.storyboard in Resources */,
				718F7C5F261DAB55006AE639 /* Assets.xcassets in Resources */,
				718F7C5D261DAB4F006AE639 /* Main.storyboard in Resources */,
			);
			runOnlyForDeploymentPostprocessing = 0;
		};
		718F7C66261DAB55006AE639 /* Resources */ = {
			isa = PBXResourcesBuildPhase;
			buildActionMask = 2147483647;
			files = (
			);
			runOnlyForDeploymentPostprocessing = 0;
		};
		718F7C71261DAB55006AE639 /* Resources */ = {
			isa = PBXResourcesBuildPhase;
			buildActionMask = 2147483647;
			files = (
			);
			runOnlyForDeploymentPostprocessing = 0;
		};
/* End PBXResourcesBuildPhase section */

/* Begin PBXSourcesBuildPhase section */
		718F7C4E261DAB4F006AE639 /* Sources */ = {
			isa = PBXSourcesBuildPhase;
			buildActionMask = 2147483647;
			files = (
				718F7C5A261DAB4F006AE639 /* ViewController.swift in Sources */,
				718F7C56261DAB4F006AE639 /* AppDelegate.swift in Sources */,
				718F7C58261DAB4F006AE639 /* SceneDelegate.swift in Sources */,
			);
			runOnlyForDeploymentPostprocessing = 0;
		};
		718F7C64261DAB55006AE639 /* Sources */ = {
			isa = PBXSourcesBuildPhase;
			buildActionMask = 2147483647;
			files = (
				718F7C6D261DAB55006AE639 /* NotificationTests.swift in Sources */,
			);
			runOnlyForDeploymentPostprocessing = 0;
		};
		718F7C6F261DAB55006AE639 /* Sources */ = {
			isa = PBXSourcesBuildPhase;
			buildActionMask = 2147483647;
			files = (
				718F7C78261DAB55006AE639 /* NotificationUITests.swift in Sources */,
			);
			runOnlyForDeploymentPostprocessing = 0;
		};
/* End PBXSourcesBuildPhase section */

/* Begin PBXTargetDependency section */
		718F7C6A261DAB55006AE639 /* PBXTargetDependency */ = {
			isa = PBXTargetDependency;
			target = 718F7C51261DAB4F006AE639 /* Notification */;
			targetProxy = 718F7C69261DAB55006AE639 /* PBXContainerItemProxy */;
		};
		718F7C75261DAB55006AE639 /* PBXTargetDependency */ = {
			isa = PBXTargetDependency;
			target = 718F7C51261DAB4F006AE639 /* Notification */;
			targetProxy = 718F7C74261DAB55006AE639 /* PBXContainerItemProxy */;
		};
/* End PBXTargetDependency section */

/* Begin PBXVariantGroup section */
		718F7C5B261DAB4F006AE639 /* Main.storyboard */ = {
			isa = PBXVariantGroup;
			children = (
				718F7C5C261DAB4F006AE639 /* Base */,
			);
			name = Main.storyboard;
			sourceTree = "<group>";
		};
		718F7C60261DAB55006AE639 /* LaunchScreen.storyboard */ = {
			isa = PBXVariantGroup;
			children = (
				718F7C61261DAB55006AE639 /* Base */,
			);
			name = LaunchScreen.storyboard;
			sourceTree = "<group>";
		};
/* End PBXVariantGroup section */

/* Begin XCBuildConfiguration section */
		718F7C7A261DAB55006AE639 /* Debug */ = {
			isa = XCBuildConfiguration;
			buildSettings = {
				ALWAYS_SEARCH_USER_PATHS = NO;
				CLANG_ANALYZER_NONNULL = YES;
				CLANG_ANALYZER_NUMBER_OBJECT_CONVERSION = YES_AGGRESSIVE;
				CLANG_CXX_LANGUAGE_STANDARD = "gnu++14";
				CLANG_CXX_LIBRARY = "libc++";
				CLANG_ENABLE_MODULES = YES;
				CLANG_ENABLE_OBJC_ARC = YES;
				CLANG_ENABLE_OBJC_WEAK = YES;
				CLANG_WARN_BLOCK_CAPTURE_AUTORELEASING = YES;
				CLANG_WARN_BOOL_CONVERSION = YES;
				CLANG_WARN_COMMA = YES;
				CLANG_WARN_CONSTANT_CONVERSION = YES;
				CLANG_WARN_DEPRECATED_OBJC_IMPLEMENTATIONS = YES;
				CLANG_WARN_DIRECT_OBJC_ISA_USAGE = YES_ERROR;
				CLANG_WARN_DOCUMENTATION_COMMENTS = YES;
				CLANG_WARN_EMPTY_BODY = YES;
				CLANG_WARN_ENUM_CONVERSION = YES;
				CLANG_WARN_INFINITE_RECURSION = YES;
				CLANG_WARN_INT_CONVERSION = YES;
				CLANG_WARN_NON_LITERAL_NULL_CONVERSION = YES;
				CLANG_WARN_OBJC_IMPLICIT_RETAIN_SELF = YES;
				CLANG_WARN_OBJC_LITERAL_CONVERSION = YES;
				CLANG_WARN_OBJC_ROOT_CLASS = YES_ERROR;
				CLANG_WARN_RANGE_LOOP_ANALYSIS = YES;
				CLANG_WARN_STRICT_PROTOTYPES = YES;
				CLANG_WARN_SUSPICIOUS_MOVE = YES;
				CLANG_WARN_UNGUARDED_AVAILABILITY = YES_AGGRESSIVE;
				CLANG_WARN_UNREACHABLE_CODE = YES;
				CLANG_WARN__DUPLICATE_METHOD_MATCH = YES;
				COPY_PHASE_STRIP = NO;
				DEBUG_INFORMATION_FORMAT = dwarf;
				ENABLE_STRICT_OBJC_MSGSEND = YES;
				ENABLE_TESTABILITY = YES;
				GCC_C_LANGUAGE_STANDARD = gnu11;
				GCC_DYNAMIC_NO_PIC = NO;
				GCC_NO_COMMON_BLOCKS = YES;
				GCC_OPTIMIZATION_LEVEL = 0;
				GCC_PREPROCESSOR_DEFINITIONS = (
					"DEBUG=1",
					"$(inherited)",
				);
				GCC_WARN_64_TO_32_BIT_CONVERSION = YES;
				GCC_WARN_ABOUT_RETURN_TYPE = YES_ERROR;
				GCC_WARN_UNDECLARED_SELECTOR = YES;
				GCC_WARN_UNINITIALIZED_AUTOS = YES_AGGRESSIVE;
				GCC_WARN_UNUSED_FUNCTION = YES;
				GCC_WARN_UNUSED_VARIABLE = YES;
				IPHONEOS_DEPLOYMENT_TARGET = 13.7;
				MTL_ENABLE_DEBUG_INFO = INCLUDE_SOURCE;
				MTL_FAST_MATH = YES;
				ONLY_ACTIVE_ARCH = YES;
				SDKROOT = iphoneos;
				SWIFT_ACTIVE_COMPILATION_CONDITIONS = DEBUG;
				SWIFT_OPTIMIZATION_LEVEL = "-Onone";
			};
			name = Debug;
		};
		718F7C7B261DAB55006AE639 /* Release */ = {
			isa = XCBuildConfiguration;
			buildSettings = {
				ALWAYS_SEARCH_USER_PATHS = NO;
				CLANG_ANALYZER_NONNULL = YES;
				CLANG_ANALYZER_NUMBER_OBJECT_CONVERSION = YES_AGGRESSIVE;
				CLANG_CXX_LANGUAGE_STANDARD = "gnu++14";
				CLANG_CXX_LIBRARY = "libc++";
				CLANG_ENABLE_MODULES = YES;
				CLANG_ENABLE_OBJC_ARC = YES;
				CLANG_ENABLE_OBJC_WEAK = YES;
				CLANG_WARN_BLOCK_CAPTURE_AUTORELEASING = YES;
				CLANG_WARN_BOOL_CONVERSION = YES;
				CLANG_WARN_COMMA = YES;
				CLANG_WARN_CONSTANT_CONVERSION = YES;
				CLANG_WARN_DEPRECATED_OBJC_IMPLEMENTATIONS = YES;
				CLANG_WARN_DIRECT_OBJC_ISA_USAGE = YES_ERROR;
				CLANG_WARN_DOCUMENTATION_COMMENTS = YES;
				CLANG_WARN_EMPTY_BODY = YES;
				CLANG_WARN_ENUM_CONVERSION = YES;
				CLANG_WARN_INFINITE_RECURSION = YES;
				CLANG_WARN_INT_CONVERSION = YES;
				CLANG_WARN_NON_LITERAL_NULL_CONVERSION = YES;
				CLANG_WARN_OBJC_IMPLICIT_RETAIN_SELF = YES;
				CLANG_WARN_OBJC_LITERAL_CONVERSION = YES;
				CLANG_WARN_OBJC_ROOT_CLASS = YES_ERROR;
				CLANG_WARN_RANGE_LOOP_ANALYSIS = YES;
				CLANG_WARN_STRICT_PROTOTYPES = YES;
				CLANG_WARN_SUSPICIOUS_MOVE = YES;
				CLANG_WARN_UNGUARDED_AVAILABILITY = YES_AGGRESSIVE;
				CLANG_WARN_UNREACHABLE_CODE = YES;
				CLANG_WARN__DUPLICATE_METHOD_MATCH = YES;
				COPY_PHASE_STRIP = NO;
				DEBUG_INFORMATION_FORMAT = "dwarf-with-dsym";
				ENABLE_NS_ASSERTIONS = NO;
				ENABLE_STRICT_OBJC_MSGSEND = YES;
				GCC_C_LANGUAGE_STANDARD = gnu11;
				GCC_NO_COMMON_BLOCKS = YES;
				GCC_WARN_64_TO_32_BIT_CONVERSION = YES;
				GCC_WARN_ABOUT_RETURN_TYPE = YES_ERROR;
				GCC_WARN_UNDECLARED_SELECTOR = YES;
				GCC_WARN_UNINITIALIZED_AUTOS = YES_AGGRESSIVE;
				GCC_WARN_UNUSED_FUNCTION = YES;
				GCC_WARN_UNUSED_VARIABLE = YES;
				IPHONEOS_DEPLOYMENT_TARGET = 13.7;
				MTL_ENABLE_DEBUG_INFO = NO;
				MTL_FAST_MATH = YES;
				SDKROOT = iphoneos;
				SWIFT_COMPILATION_MODE = wholemodule;
				SWIFT_OPTIMIZATION_LEVEL = "-O";
				VALIDATE_PRODUCT = YES;
			};
			name = Release;
		};
		718F7C7D261DAB55006AE639 /* Debug */ = {
			isa = XCBuildConfiguration;
			buildSettings = {
				ASSETCATALOG_COMPILER_APPICON_NAME = AppIcon;
				CODE_SIGN_STYLE = Automatic;
				INFOPLIST_FILE = Notification/Info.plist;
				LD_RUNPATH_SEARCH_PATHS = (
					"$(inherited)",
					"@executable_path/Frameworks",
				);
				PRODUCT_BUNDLE_IDENTIFIER = test.Notification;
				PRODUCT_NAME = "$(TARGET_NAME)";
				SWIFT_VERSION = 5.0;
				TARGETED_DEVICE_FAMILY = "1,2";
			};
			name = Debug;
		};
		718F7C7E261DAB55006AE639 /* Release */ = {
			isa = XCBuildConfiguration;
			buildSettings = {
				ASSETCATALOG_COMPILER_APPICON_NAME = AppIcon;
				CODE_SIGN_STYLE = Automatic;
				INFOPLIST_FILE = Notification/Info.plist;
				LD_RUNPATH_SEARCH_PATHS = (
					"$(inherited)",
					"@executable_path/Frameworks",
				);
				PRODUCT_BUNDLE_IDENTIFIER = test.Notification;
				PRODUCT_NAME = "$(TARGET_NAME)";
				SWIFT_VERSION = 5.0;
				TARGETED_DEVICE_FAMILY = "1,2";
			};
			name = Release;
		};
		718F7C80261DAB55006AE639 /* Debug */ = {
			isa = XCBuildConfiguration;
			buildSettings = {
				ALWAYS_EMBED_SWIFT_STANDARD_LIBRARIES = YES;
				BUNDLE_LOADER = "$(TEST_HOST)";
				CODE_SIGN_STYLE = Automatic;
				INFOPLIST_FILE = NotificationTests/Info.plist;
				IPHONEOS_DEPLOYMENT_TARGET = 13.7;
				LD_RUNPATH_SEARCH_PATHS = (
					"$(inherited)",
					"@executable_path/Frameworks",
					"@loader_path/Frameworks",
				);
				PRODUCT_BUNDLE_IDENTIFIER = test.NotificationTests;
				PRODUCT_NAME = "$(TARGET_NAME)";
				SWIFT_VERSION = 5.0;
				TARGETED_DEVICE_FAMILY = "1,2";
				TEST_HOST = "$(BUILT_PRODUCTS_DIR)/Notification.app/Notification";
			};
			name = Debug;
		};
		718F7C81261DAB55006AE639 /* Release */ = {
			isa = XCBuildConfiguration;
			buildSettings = {
				ALWAYS_EMBED_SWIFT_STANDARD_LIBRARIES = YES;
				BUNDLE_LOADER = "$(TEST_HOST)";
				CODE_SIGN_STYLE = Automatic;
				INFOPLIST_FILE = NotificationTests/Info.plist;
				IPHONEOS_DEPLOYMENT_TARGET = 13.7;
				LD_RUNPATH_SEARCH_PATHS = (
					"$(inherited)",
					"@executable_path/Frameworks",
					"@loader_path/Frameworks",
				);
				PRODUCT_BUNDLE_IDENTIFIER = test.NotificationTests;
				PRODUCT_NAME = "$(TARGET_NAME)";
				SWIFT_VERSION = 5.0;
				TARGETED_DEVICE_FAMILY = "1,2";
				TEST_HOST = "$(BUILT_PRODUCTS_DIR)/Notification.app/Notification";
			};
			name = Release;
		};
		718F7C83261DAB55006AE639 /* Debug */ = {
			isa = XCBuildConfiguration;
			buildSettings = {
				ALWAYS_EMBED_SWIFT_STANDARD_LIBRARIES = YES;
				CODE_SIGN_STYLE = Automatic;
				INFOPLIST_FILE = NotificationUITests/Info.plist;
				LD_RUNPATH_SEARCH_PATHS = (
					"$(inherited)",
					"@executable_path/Frameworks",
					"@loader_path/Frameworks",
				);
				PRODUCT_BUNDLE_IDENTIFIER = test.NotificationUITests;
				PRODUCT_NAME = "$(TARGET_NAME)";
				SWIFT_VERSION = 5.0;
				TARGETED_DEVICE_FAMILY = "1,2";
				TEST_TARGET_NAME = Notification;
			};
			name = Debug;
		};
		718F7C84261DAB55006AE639 /* Release */ = {
			isa = XCBuildConfiguration;
			buildSettings = {
				ALWAYS_EMBED_SWIFT_STANDARD_LIBRARIES = YES;
				CODE_SIGN_STYLE = Automatic;
				INFOPLIST_FILE = NotificationUITests/Info.plist;
				LD_RUNPATH_SEARCH_PATHS = (
					"$(inherited)",
					"@executable_path/Frameworks",
					"@loader_path/Frameworks",
				);
				PRODUCT_BUNDLE_IDENTIFIER = test.NotificationUITests;
				PRODUCT_NAME = "$(TARGET_NAME)";
				SWIFT_VERSION = 5.0;
				TARGETED_DEVICE_FAMILY = "1,2";
				TEST_TARGET_NAME = Notification;
			};
			name = Release;
		};
/* End XCBuildConfiguration section */

/* Begin XCConfigurationList section */
		718F7C4D261DAB4F006AE639 /* Build configuration list for PBXProject "Notification" */ = {
			isa = XCConfigurationList;
			buildConfigurations = (
				718F7C7A261DAB55006AE639 /* Debug */,
				718F7C7B261DAB55006AE639 /* Release */,
			);
			defaultConfigurationIsVisible = 0;
			defaultConfigurationName = Release;
		};
		718F7C7C261DAB55006AE639 /* Build configuration list for PBXNativeTarget "Notification" */ = {
			isa = XCConfigurationList;
			buildConfigurations = (
				718F7C7D261DAB55006AE639 /* Debug */,
				718F7C7E261DAB55006AE639 /* Release */,
			);
			defaultConfigurationIsVisible = 0;
			defaultConfigurationName = Release;
		};
		718F7C7F261DAB55006AE639 /* Build configuration list for PBXNativeTarget "NotificationTests" */ = {
			isa = XCConfigurationList;
			buildConfigurations = (
				718F7C80261DAB55006AE639 /* Debug */,
				718F7C81261DAB55006AE639 /* Release */,
			);
			defaultConfigurationIsVisible = 0;
			defaultConfigurationName = Release;
		};
		718F7C82261DAB55006AE639 /* Build configuration list for PBXNativeTarget "NotificationUITests" */ = {
			isa = XCConfigurationList;
			buildConfigurations = (
				718F7C83261DAB55006AE639 /* Debug */,
				718F7C84261DAB55006AE639 /* Release */,
			);
			defaultConfigurationIsVisible = 0;
			defaultConfigurationName = Release;
		};
/* End XCConfigurationList section */
	};
	rootObject = 718F7C4A261DAB4F006AE639 /* Project object */;
}
