// !$*UTF8*$!
{
	archiveVersion = 1;
	classes = {
	};
	objectVersion = 56;
	objects = {

/* Begin PBXBuildFile section */
		1F395B0833562326FB2CD57B /* Pods_kf_source_kf_sourceUITests.framework in Frameworks */ = {isa = PBXBuildFile; fileRef = 572117DF557A4ACDC2B6BA81 /* Pods_kf_source_kf_sourceUITests.framework */; };
		363555FA51248532EA769168 /* Pods_kf_source.framework in Frameworks */ = {isa = PBXBuildFile; fileRef = CADD130C27DC6E11F1506AD8 /* Pods_kf_source.framework */; };
		9E3A88B9AF8B1BEF6C2D576F /* Pods_kf_sourceTests.framework in Frameworks */ = {isa = PBXBuildFile; fileRef = 9DF86A08B707C5C2FEFCC3CB /* Pods_kf_sourceTests.framework */; };
		CECEF0112A14B17100E6682C /* AppDelegate.swift in Sources */ = {isa = PBXBuildFile; fileRef = CECEF0102A14B17100E6682C /* AppDelegate.swift */; };
		CECEF0132A14B17100E6682C /* SceneDelegate.swift in Sources */ = {isa = PBXBuildFile; fileRef = CECEF0122A14B17100E6682C /* SceneDelegate.swift */; };
		CECEF0152A14B17100E6682C /* ViewController.swift in Sources */ = {isa = PBXBuildFile; fileRef = CECEF0142A14B17100E6682C /* ViewController.swift */; };
		CECEF0182A14B17100E6682C /* Main.storyboard in Resources */ = {isa = PBXBuildFile; fileRef = CECEF0162A14B17100E6682C /* Main.storyboard */; };
		CECEF01A2A14B17300E6682C /* Assets.xcassets in Resources */ = {isa = PBXBuildFile; fileRef = CECEF0192A14B17300E6682C /* Assets.xcassets */; };
		CECEF01D2A14B17300E6682C /* LaunchScreen.storyboard in Resources */ = {isa = PBXBuildFile; fileRef = CECEF01B2A14B17300E6682C /* LaunchScreen.storyboard */; };
		CECEF0282A14B17400E6682C /* kf_sourceTests.swift in Sources */ = {isa = PBXBuildFile; fileRef = CECEF0272A14B17400E6682C /* kf_sourceTests.swift */; };
		CECEF0322A14B17400E6682C /* kf_sourceUITests.swift in Sources */ = {isa = PBXBuildFile; fileRef = CECEF0312A14B17400E6682C /* kf_sourceUITests.swift */; };
		CECEF0342A14B17400E6682C /* kf_sourceUITestsLaunchTests.swift in Sources */ = {isa = PBXBuildFile; fileRef = CECEF0332A14B17400E6682C /* kf_sourceUITestsLaunchTests.swift */; };
/* End PBXBuildFile section */

/* Begin PBXContainerItemProxy section */
		CECEF0242A14B17400E6682C /* PBXContainerItemProxy */ = {
			isa = PBXContainerItemProxy;
			containerPortal = CECEF0052A14B17100E6682C /* Project object */;
			proxyType = 1;
			remoteGlobalIDString = CECEF00C2A14B17100E6682C;
			remoteInfo = kf_source;
		};
		CECEF02E2A14B17400E6682C /* PBXContainerItemProxy */ = {
			isa = PBXContainerItemProxy;
			containerPortal = CECEF0052A14B17100E6682C /* Project object */;
			proxyType = 1;
			remoteGlobalIDString = CECEF00C2A14B17100E6682C;
			remoteInfo = kf_source;
		};
/* End PBXContainerItemProxy section */

/* Begin PBXFileReference section */
		053FDEE2808864D97FB16AA8 /* Pods-kf_source-kf_sourceUITests.debug.xcconfig */ = {isa = PBXFileReference; includeInIndex = 1; lastKnownFileType = text.xcconfig; name = "Pods-kf_source-kf_sourceUITests.debug.xcconfig"; path = "Target Support Files/Pods-kf_source-kf_sourceUITests/Pods-kf_source-kf_sourceUITests.debug.xcconfig"; sourceTree = "<group>"; };
		572117DF557A4ACDC2B6BA81 /* Pods_kf_source_kf_sourceUITests.framework */ = {isa = PBXFileReference; explicitFileType = wrapper.framework; includeInIndex = 0; path = Pods_kf_source_kf_sourceUITests.framework; sourceTree = BUILT_PRODUCTS_DIR; };
		6523243A3ED9FE7526FFFD5D /* Pods-kf_source.release.xcconfig */ = {isa = PBXFileReference; includeInIndex = 1; lastKnownFileType = text.xcconfig; name = "Pods-kf_source.release.xcconfig"; path = "Target Support Files/Pods-kf_source/Pods-kf_source.release.xcconfig"; sourceTree = "<group>"; };
		660EDA43AE5C311803A7C59C /* Pods-kf_source-kf_sourceUITests.release.xcconfig */ = {isa = PBXFileReference; includeInIndex = 1; lastKnownFileType = text.xcconfig; name = "Pods-kf_source-kf_sourceUITests.release.xcconfig"; path = "Target Support Files/Pods-kf_source-kf_sourceUITests/Pods-kf_source-kf_sourceUITests.release.xcconfig"; sourceTree = "<group>"; };
		8C1198B6188FB34F995F7904 /* Pods-kf_source.debug.xcconfig */ = {isa = PBXFileReference; includeInIndex = 1; lastKnownFileType = text.xcconfig; name = "Pods-kf_source.debug.xcconfig"; path = "Target Support Files/Pods-kf_source/Pods-kf_source.debug.xcconfig"; sourceTree = "<group>"; };
		9DF86A08B707C5C2FEFCC3CB /* Pods_kf_sourceTests.framework */ = {isa = PBXFileReference; explicitFileType = wrapper.framework; includeInIndex = 0; path = Pods_kf_sourceTests.framework; sourceTree = BUILT_PRODUCTS_DIR; };
		CADD130C27DC6E11F1506AD8 /* Pods_kf_source.framework */ = {isa = PBXFileReference; explicitFileType = wrapper.framework; includeInIndex = 0; path = Pods_kf_source.framework; sourceTree = BUILT_PRODUCTS_DIR; };
		CECEF00D2A14B17100E6682C /* kf_source.app */ = {isa = PBXFileReference; explicitFileType = wrapper.application; includeInIndex = 0; path = kf_source.app; sourceTree = BUILT_PRODUCTS_DIR; };
		CECEF0102A14B17100E6682C /* AppDelegate.swift */ = {isa = PBXFileReference; lastKnownFileType = sourcecode.swift; path = AppDelegate.swift; sourceTree = "<group>"; };
		CECEF0122A14B17100E6682C /* SceneDelegate.swift */ = {isa = PBXFileReference; lastKnownFileType = sourcecode.swift; path = SceneDelegate.swift; sourceTree = "<group>"; };
		CECEF0142A14B17100E6682C /* ViewController.swift */ = {isa = PBXFileReference; lastKnownFileType = sourcecode.swift; path = ViewController.swift; sourceTree = "<group>"; };
		CECEF0172A14B17100E6682C /* Base */ = {isa = PBXFileReference; lastKnownFileType = file.storyboard; name = Base; path = Base.lproj/Main.storyboard; sourceTree = "<group>"; };
		CECEF0192A14B17300E6682C /* Assets.xcassets */ = {isa = PBXFileReference; lastKnownFileType = folder.assetcatalog; path = Assets.xcassets; sourceTree = "<group>"; };
		CECEF01C2A14B17300E6682C /* Base */ = {isa = PBXFileReference; lastKnownFileType = file.storyboard; name = Base; path = Base.lproj/LaunchScreen.storyboard; sourceTree = "<group>"; };
		CECEF01E2A14B17300E6682C /* Info.plist */ = {isa = PBXFileReference; lastKnownFileType = text.plist.xml; path = Info.plist; sourceTree = "<group>"; };
		CECEF0232A14B17400E6682C /* kf_sourceTests.xctest */ = {isa = PBXFileReference; explicitFileType = wrapper.cfbundle; includeInIndex = 0; path = kf_sourceTests.xctest; sourceTree = BUILT_PRODUCTS_DIR; };
		CECEF0272A14B17400E6682C /* kf_sourceTests.swift */ = {isa = PBXFileReference; lastKnownFileType = sourcecode.swift; path = kf_sourceTests.swift; sourceTree = "<group>"; };
		CECEF02D2A14B17400E6682C /* kf_sourceUITests.xctest */ = {isa = PBXFileReference; explicitFileType = wrapper.cfbundle; includeInIndex = 0; path = kf_sourceUITests.xctest; sourceTree = BUILT_PRODUCTS_DIR; };
		CECEF0312A14B17400E6682C /* kf_sourceUITests.swift */ = {isa = PBXFileReference; lastKnownFileType = sourcecode.swift; path = kf_sourceUITests.swift; sourceTree = "<group>"; };
		CECEF0332A14B17400E6682C /* kf_sourceUITestsLaunchTests.swift */ = {isa = PBXFileReference; lastKnownFileType = sourcecode.swift; path = kf_sourceUITestsLaunchTests.swift; sourceTree = "<group>"; };
		F192D03F9FCA139514D4BD99 /* Pods-kf_sourceTests.release.xcconfig */ = {isa = PBXFileReference; includeInIndex = 1; lastKnownFileType = text.xcconfig; name = "Pods-kf_sourceTests.release.xcconfig"; path = "Target Support Files/Pods-kf_sourceTests/Pods-kf_sourceTests.release.xcconfig"; sourceTree = "<group>"; };
		FD8DA7EC8E7ABE967210C6E9 /* Pods-kf_sourceTests.debug.xcconfig */ = {isa = PBXFileReference; includeInIndex = 1; lastKnownFileType = text.xcconfig; name = "Pods-kf_sourceTests.debug.xcconfig"; path = "Target Support Files/Pods-kf_sourceTests/Pods-kf_sourceTests.debug.xcconfig"; sourceTree = "<group>"; };
/* End PBXFileReference section */

/* Begin PBXFrameworksBuildPhase section */
		CECEF00A2A14B17100E6682C /* Frameworks */ = {
			isa = PBXFrameworksBuildPhase;
			buildActionMask = 2147483647;
			files = (
				363555FA51248532EA769168 /* Pods_kf_source.framework in Frameworks */,
			);
			runOnlyForDeploymentPostprocessing = 0;
		};
		CECEF0202A14B17400E6682C /* Frameworks */ = {
			isa = PBXFrameworksBuildPhase;
			buildActionMask = 2147483647;
			files = (
				9E3A88B9AF8B1BEF6C2D576F /* Pods_kf_sourceTests.framework in Frameworks */,
			);
			runOnlyForDeploymentPostprocessing = 0;
		};
		CECEF02A2A14B17400E6682C /* Frameworks */ = {
			isa = PBXFrameworksBuildPhase;
			buildActionMask = 2147483647;
			files = (
				1F395B0833562326FB2CD57B /* Pods_kf_source_kf_sourceUITests.framework in Frameworks */,
			);
			runOnlyForDeploymentPostprocessing = 0;
		};
/* End PBXFrameworksBuildPhase section */

/* Begin PBXGroup section */
		0BA4D30235BD8972C83580D6 /* Pods */ = {
			isa = PBXGroup;
			children = (
				8C1198B6188FB34F995F7904 /* Pods-kf_source.debug.xcconfig */,
				6523243A3ED9FE7526FFFD5D /* Pods-kf_source.release.xcconfig */,
				053FDEE2808864D97FB16AA8 /* Pods-kf_source-kf_sourceUITests.debug.xcconfig */,
				660EDA43AE5C311803A7C59C /* Pods-kf_source-kf_sourceUITests.release.xcconfig */,
				FD8DA7EC8E7ABE967210C6E9 /* Pods-kf_sourceTests.debug.xcconfig */,
				F192D03F9FCA139514D4BD99 /* Pods-kf_sourceTests.release.xcconfig */,
			);
			name = Pods;
			path = Pods;
			sourceTree = "<group>";
		};
		60CA6B44D7CF2B99EE5FA15B /* Frameworks */ = {
			isa = PBXGroup;
			children = (
				CADD130C27DC6E11F1506AD8 /* Pods_kf_source.framework */,
				572117DF557A4ACDC2B6BA81 /* Pods_kf_source_kf_sourceUITests.framework */,
				9DF86A08B707C5C2FEFCC3CB /* Pods_kf_sourceTests.framework */,
			);
			name = Frameworks;
			sourceTree = "<group>";
		};
		CECEF0042A14B17100E6682C = {
			isa = PBXGroup;
			children = (
				CECEF00F2A14B17100E6682C /* kf_source */,
				CECEF0262A14B17400E6682C /* kf_sourceTests */,
				CECEF0302A14B17400E6682C /* kf_sourceUITests */,
				CECEF00E2A14B17100E6682C /* Products */,
				0BA4D30235BD8972C83580D6 /* Pods */,
				60CA6B44D7CF2B99EE5FA15B /* Frameworks */,
			);
			sourceTree = "<group>";
		};
		CECEF00E2A14B17100E6682C /* Products */ = {
			isa = PBXGroup;
			children = (
				CECEF00D2A14B17100E6682C /* kf_source.app */,
				CECEF0232A14B17400E6682C /* kf_sourceTests.xctest */,
				CECEF02D2A14B17400E6682C /* kf_sourceUITests.xctest */,
			);
			name = Products;
			sourceTree = "<group>";
		};
		CECEF00F2A14B17100E6682C /* kf_source */ = {
			isa = PBXGroup;
			children = (
				CECEF0102A14B17100E6682C /* AppDelegate.swift */,
				CECEF0122A14B17100E6682C /* SceneDelegate.swift */,
				CECEF0142A14B17100E6682C /* ViewController.swift */,
				CECEF0162A14B17100E6682C /* Main.storyboard */,
				CECEF0192A14B17300E6682C /* Assets.xcassets */,
				CECEF01B2A14B17300E6682C /* LaunchScreen.storyboard */,
				CECEF01E2A14B17300E6682C /* Info.plist */,
			);
			path = kf_source;
			sourceTree = "<group>";
		};
		CECEF0262A14B17400E6682C /* kf_sourceTests */ = {
			isa = PBXGroup;
			children = (
				CECEF0272A14B17400E6682C /* kf_sourceTests.swift */,
			);
			path = kf_sourceTests;
			sourceTree = "<group>";
		};
		CECEF0302A14B17400E6682C /* kf_sourceUITests */ = {
			isa = PBXGroup;
			children = (
				CECEF0312A14B17400E6682C /* kf_sourceUITests.swift */,
				CECEF0332A14B17400E6682C /* kf_sourceUITestsLaunchTests.swift */,
			);
			path = kf_sourceUITests;
			sourceTree = "<group>";
		};
/* End PBXGroup section */

/* Begin PBXNativeTarget section */
		CECEF00C2A14B17100E6682C /* kf_source */ = {
			isa = PBXNativeTarget;
			buildConfigurationList = CECEF0372A14B17400E6682C /* Build configuration list for PBXNativeTarget "kf_source" */;
			buildPhases = (
				3C497D135FE70023B7757FA9 /* [CP] Check Pods Manifest.lock */,
				CECEF0092A14B17100E6682C /* Sources */,
				CECEF00A2A14B17100E6682C /* Frameworks */,
				CECEF00B2A14B17100E6682C /* Resources */,
				EC821186A21301019E943A75 /* [CP] Embed Pods Frameworks */,
			);
			buildRules = (
			);
			dependencies = (
			);
			name = kf_source;
			productName = kf_source;
			productReference = CECEF00D2A14B17100E6682C /* kf_source.app */;
			productType = "com.apple.product-type.application";
		};
		CECEF0222A14B17400E6682C /* kf_sourceTests */ = {
			isa = PBXNativeTarget;
			buildConfigurationList = CECEF03A2A14B17400E6682C /* Build configuration list for PBXNativeTarget "kf_sourceTests" */;
			buildPhases = (
				BE98B682EC79D4C170268B0D /* [CP] Check Pods Manifest.lock */,
				CECEF01F2A14B17400E6682C /* Sources */,
				CECEF0202A14B17400E6682C /* Frameworks */,
				CECEF0212A14B17400E6682C /* Resources */,
			);
			buildRules = (
			);
			dependencies = (
				CECEF0252A14B17400E6682C /* PBXTargetDependency */,
			);
			name = kf_sourceTests;
			productName = kf_sourceTests;
			productReference = CECEF0232A14B17400E6682C /* kf_sourceTests.xctest */;
			productType = "com.apple.product-type.bundle.unit-test";
		};
		CECEF02C2A14B17400E6682C /* kf_sourceUITests */ = {
			isa = PBXNativeTarget;
			buildConfigurationList = CECEF03D2A14B17400E6682C /* Build configuration list for PBXNativeTarget "kf_sourceUITests" */;
			buildPhases = (
				521017584D1FFA669B904D08 /* [CP] Check Pods Manifest.lock */,
				CECEF0292A14B17400E6682C /* Sources */,
				CECEF02A2A14B17400E6682C /* Frameworks */,
				CECEF02B2A14B17400E6682C /* Resources */,
				D244525A3A3AE5235D57B944 /* [CP] Embed Pods Frameworks */,
			);
			buildRules = (
			);
			dependencies = (
				CECEF02F2A14B17400E6682C /* PBXTargetDependency */,
			);
			name = kf_sourceUITests;
			productName = kf_sourceUITests;
			productReference = CECEF02D2A14B17400E6682C /* kf_sourceUITests.xctest */;
			productType = "com.apple.product-type.bundle.ui-testing";
		};
/* End PBXNativeTarget section */

/* Begin PBXProject section */
		CECEF0052A14B17100E6682C /* Project object */ = {
			isa = PBXProject;
			attributes = {
				BuildIndependentTargetsInParallel = 1;
				LastSwiftUpdateCheck = 1420;
				LastUpgradeCheck = 1420;
				TargetAttributes = {
					CECEF00C2A14B17100E6682C = {
						CreatedOnToolsVersion = 14.2;
					};
					CECEF0222A14B17400E6682C = {
						CreatedOnToolsVersion = 14.2;
						TestTargetID = CECEF00C2A14B17100E6682C;
					};
					CECEF02C2A14B17400E6682C = {
						CreatedOnToolsVersion = 14.2;
						TestTargetID = CECEF00C2A14B17100E6682C;
					};
				};
			};
			buildConfigurationList = CECEF0082A14B17100E6682C /* Build configuration list for PBXProject "kf_source" */;
			compatibilityVersion = "Xcode 14.0";
			developmentRegion = en;
			hasScannedForEncodings = 0;
			knownRegions = (
				en,
				Base,
			);
			mainGroup = CECEF0042A14B17100E6682C;
			productRefGroup = CECEF00E2A14B17100E6682C /* Products */;
			projectDirPath = "";
			projectRoot = "";
			targets = (
				CECEF00C2A14B17100E6682C /* kf_source */,
				CECEF0222A14B17400E6682C /* kf_sourceTests */,
				CECEF02C2A14B17400E6682C /* kf_sourceUITests */,
			);
		};
/* End PBXProject section */

/* Begin PBXResourcesBuildPhase section */
		CECEF00B2A14B17100E6682C /* Resources */ = {
			isa = PBXResourcesBuildPhase;
			buildActionMask = 2147483647;
			files = (
				CECEF01D2A14B17300E6682C /* LaunchScreen.storyboard in Resources */,
				CECEF01A2A14B17300E6682C /* Assets.xcassets in Resources */,
				CECEF0182A14B17100E6682C /* Main.storyboard in Resources */,
			);
			runOnlyForDeploymentPostprocessing = 0;
		};
		CECEF0212A14B17400E6682C /* Resources */ = {
			isa = PBXResourcesBuildPhase;
			buildActionMask = 2147483647;
			files = (
			);
			runOnlyForDeploymentPostprocessing = 0;
		};
		CECEF02B2A14B17400E6682C /* Resources */ = {
			isa = PBXResourcesBuildPhase;
			buildActionMask = 2147483647;
			files = (
			);
			runOnlyForDeploymentPostprocessing = 0;
		};
/* End PBXResourcesBuildPhase section */

/* Begin PBXShellScriptBuildPhase section */
		3C497D135FE70023B7757FA9 /* [CP] Check Pods Manifest.lock */ = {
			isa = PBXShellScriptBuildPhase;
			buildActionMask = 2147483647;
			files = (
			);
			inputFileListPaths = (
			);
			inputPaths = (
				"${PODS_PODFILE_DIR_PATH}/Podfile.lock",
				"${PODS_ROOT}/Manifest.lock",
			);
			name = "[CP] Check Pods Manifest.lock";
			outputFileListPaths = (
			);
			outputPaths = (
				"$(DERIVED_FILE_DIR)/Pods-kf_source-checkManifestLockResult.txt",
			);
			runOnlyForDeploymentPostprocessing = 0;
			shellPath = /bin/sh;
			shellScript = "diff \"${PODS_PODFILE_DIR_PATH}/Podfile.lock\" \"${PODS_ROOT}/Manifest.lock\" > /dev/null\nif [ $? != 0 ] ; then\n    # print error to STDERR\n    echo \"error: The sandbox is not in sync with the Podfile.lock. Run 'pod install' or update your CocoaPods installation.\" >&2\n    exit 1\nfi\n# This output is used by Xcode 'outputs' to avoid re-running this script phase.\necho \"SUCCESS\" > \"${SCRIPT_OUTPUT_FILE_0}\"\n";
			showEnvVarsInLog = 0;
		};
		521017584D1FFA669B904D08 /* [CP] Check Pods Manifest.lock */ = {
			isa = PBXShellScriptBuildPhase;
			buildActionMask = 2147483647;
			files = (
			);
			inputFileListPaths = (
			);
			inputPaths = (
				"${PODS_PODFILE_DIR_PATH}/Podfile.lock",
				"${PODS_ROOT}/Manifest.lock",
			);
			name = "[CP] Check Pods Manifest.lock";
			outputFileListPaths = (
			);
			outputPaths = (
				"$(DERIVED_FILE_DIR)/Pods-kf_source-kf_sourceUITests-checkManifestLockResult.txt",
			);
			runOnlyForDeploymentPostprocessing = 0;
			shellPath = /bin/sh;
			shellScript = "diff \"${PODS_PODFILE_DIR_PATH}/Podfile.lock\" \"${PODS_ROOT}/Manifest.lock\" > /dev/null\nif [ $? != 0 ] ; then\n    # print error to STDERR\n    echo \"error: The sandbox is not in sync with the Podfile.lock. Run 'pod install' or update your CocoaPods installation.\" >&2\n    exit 1\nfi\n# This output is used by Xcode 'outputs' to avoid re-running this script phase.\necho \"SUCCESS\" > \"${SCRIPT_OUTPUT_FILE_0}\"\n";
			showEnvVarsInLog = 0;
		};
		BE98B682EC79D4C170268B0D /* [CP] Check Pods Manifest.lock */ = {
			isa = PBXShellScriptBuildPhase;
			buildActionMask = 2147483647;
			files = (
			);
			inputFileListPaths = (
			);
			inputPaths = (
				"${PODS_PODFILE_DIR_PATH}/Podfile.lock",
				"${PODS_ROOT}/Manifest.lock",
			);
			name = "[CP] Check Pods Manifest.lock";
			outputFileListPaths = (
			);
			outputPaths = (
				"$(DERIVED_FILE_DIR)/Pods-kf_sourceTests-checkManifestLockResult.txt",
			);
			runOnlyForDeploymentPostprocessing = 0;
			shellPath = /bin/sh;
			shellScript = "diff \"${PODS_PODFILE_DIR_PATH}/Podfile.lock\" \"${PODS_ROOT}/Manifest.lock\" > /dev/null\nif [ $? != 0 ] ; then\n    # print error to STDERR\n    echo \"error: The sandbox is not in sync with the Podfile.lock. Run 'pod install' or update your CocoaPods installation.\" >&2\n    exit 1\nfi\n# This output is used by Xcode 'outputs' to avoid re-running this script phase.\necho \"SUCCESS\" > \"${SCRIPT_OUTPUT_FILE_0}\"\n";
			showEnvVarsInLog = 0;
		};
		D244525A3A3AE5235D57B944 /* [CP] Embed Pods Frameworks */ = {
			isa = PBXShellScriptBuildPhase;
			buildActionMask = 2147483647;
			files = (
			);
			inputFileListPaths = (
				"${PODS_ROOT}/Target Support Files/Pods-kf_source-kf_sourceUITests/Pods-kf_source-kf_sourceUITests-frameworks-${CONFIGURATION}-input-files.xcfilelist",
			);
			name = "[CP] Embed Pods Frameworks";
			outputFileListPaths = (
				"${PODS_ROOT}/Target Support Files/Pods-kf_source-kf_sourceUITests/Pods-kf_source-kf_sourceUITests-frameworks-${CONFIGURATION}-output-files.xcfilelist",
			);
			runOnlyForDeploymentPostprocessing = 0;
			shellPath = /bin/sh;
			shellScript = "\"${PODS_ROOT}/Target Support Files/Pods-kf_source-kf_sourceUITests/Pods-kf_source-kf_sourceUITests-frameworks.sh\"\n";
			showEnvVarsInLog = 0;
		};
		EC821186A21301019E943A75 /* [CP] Embed Pods Frameworks */ = {
			isa = PBXShellScriptBuildPhase;
			buildActionMask = 2147483647;
			files = (
			);
			inputFileListPaths = (
				"${PODS_ROOT}/Target Support Files/Pods-kf_source/Pods-kf_source-frameworks-${CONFIGURATION}-input-files.xcfilelist",
			);
			name = "[CP] Embed Pods Frameworks";
			outputFileListPaths = (
				"${PODS_ROOT}/Target Support Files/Pods-kf_source/Pods-kf_source-frameworks-${CONFIGURATION}-output-files.xcfilelist",
			);
			runOnlyForDeploymentPostprocessing = 0;
			shellPath = /bin/sh;
			shellScript = "\"${PODS_ROOT}/Target Support Files/Pods-kf_source/Pods-kf_source-frameworks.sh\"\n";
			showEnvVarsInLog = 0;
		};
/* End PBXShellScriptBuildPhase section */

/* Begin PBXSourcesBuildPhase section */
		CECEF0092A14B17100E6682C /* Sources */ = {
			isa = PBXSourcesBuildPhase;
			buildActionMask = 2147483647;
			files = (
				CECEF0152A14B17100E6682C /* ViewController.swift in Sources */,
				CECEF0112A14B17100E6682C /* AppDelegate.swift in Sources */,
				CECEF0132A14B17100E6682C /* SceneDelegate.swift in Sources */,
			);
			runOnlyForDeploymentPostprocessing = 0;
		};
		CECEF01F2A14B17400E6682C /* Sources */ = {
			isa = PBXSourcesBuildPhase;
			buildActionMask = 2147483647;
			files = (
				CECEF0282A14B17400E6682C /* kf_sourceTests.swift in Sources */,
			);
			runOnlyForDeploymentPostprocessing = 0;
		};
		CECEF0292A14B17400E6682C /* Sources */ = {
			isa = PBXSourcesBuildPhase;
			buildActionMask = 2147483647;
			files = (
				CECEF0342A14B17400E6682C /* kf_sourceUITestsLaunchTests.swift in Sources */,
				CECEF0322A14B17400E6682C /* kf_sourceUITests.swift in Sources */,
			);
			runOnlyForDeploymentPostprocessing = 0;
		};
/* End PBXSourcesBuildPhase section */

/* Begin PBXTargetDependency section */
		CECEF0252A14B17400E6682C /* PBXTargetDependency */ = {
			isa = PBXTargetDependency;
			target = CECEF00C2A14B17100E6682C /* kf_source */;
			targetProxy = CECEF0242A14B17400E6682C /* PBXContainerItemProxy */;
		};
		CECEF02F2A14B17400E6682C /* PBXTargetDependency */ = {
			isa = PBXTargetDependency;
			target = CECEF00C2A14B17100E6682C /* kf_source */;
			targetProxy = CECEF02E2A14B17400E6682C /* PBXContainerItemProxy */;
		};
/* End PBXTargetDependency section */

/* Begin PBXVariantGroup section */
		CECEF0162A14B17100E6682C /* Main.storyboard */ = {
			isa = PBXVariantGroup;
			children = (
				CECEF0172A14B17100E6682C /* Base */,
			);
			name = Main.storyboard;
			sourceTree = "<group>";
		};
		CECEF01B2A14B17300E6682C /* LaunchScreen.storyboard */ = {
			isa = PBXVariantGroup;
			children = (
				CECEF01C2A14B17300E6682C /* Base */,
			);
			name = LaunchScreen.storyboard;
			sourceTree = "<group>";
		};
/* End PBXVariantGroup section */

/* Begin XCBuildConfiguration section */
		CECEF0352A14B17400E6682C /* Debug */ = {
			isa = XCBuildConfiguration;
			buildSettings = {
				ALWAYS_SEARCH_USER_PATHS = NO;
				CLANG_ANALYZER_NONNULL = YES;
				CLANG_ANALYZER_NUMBER_OBJECT_CONVERSION = YES_AGGRESSIVE;
				CLANG_CXX_LANGUAGE_STANDARD = "gnu++20";
				CLANG_ENABLE_MODULES = YES;
				CLANG_ENABLE_OBJC_ARC = YES;
				CLANG_ENABLE_OBJC_WEAK = YES;
				CLANG_WARN_BLOCK_CAPTURE_AUTORELEASING = YES;
				CLANG_WARN_BOOL_CONVERSION = YES;
				CLANG_WARN_COMMA = YES;
				CLANG_WARN_CONSTANT_CONVERSION = YES;
				CLANG_WARN_DEPRECATED_OBJC_IMPLEMENTATIONS = YES;
				CLANG_WARN_DIRECT_OBJC_ISA_USAGE = YES_ERROR;
				CLANG_WARN_DOCUMENTATION_COMMENTS = YES;
				CLANG_WARN_EMPTY_BODY = YES;
				CLANG_WARN_ENUM_CONVERSION = YES;
				CLANG_WARN_INFINITE_RECURSION = YES;
				CLANG_WARN_INT_CONVERSION = YES;
				CLANG_WARN_NON_LITERAL_NULL_CONVERSION = YES;
				CLANG_WARN_OBJC_IMPLICIT_RETAIN_SELF = YES;
				CLANG_WARN_OBJC_LITERAL_CONVERSION = YES;
				CLANG_WARN_OBJC_ROOT_CLASS = YES_ERROR;
				CLANG_WARN_QUOTED_INCLUDE_IN_FRAMEWORK_HEADER = YES;
				CLANG_WARN_RANGE_LOOP_ANALYSIS = YES;
				CLANG_WARN_STRICT_PROTOTYPES = YES;
				CLANG_WARN_SUSPICIOUS_MOVE = YES;
				CLANG_WARN_UNGUARDED_AVAILABILITY = YES_AGGRESSIVE;
				CLANG_WARN_UNREACHABLE_CODE = YES;
				CLANG_WARN__DUPLICATE_METHOD_MATCH = YES;
				COPY_PHASE_STRIP = NO;
				DEBUG_INFORMATION_FORMAT = dwarf;
				ENABLE_STRICT_OBJC_MSGSEND = YES;
				ENABLE_TESTABILITY = YES;
				GCC_C_LANGUAGE_STANDARD = gnu11;
				GCC_DYNAMIC_NO_PIC = NO;
				GCC_NO_COMMON_BLOCKS = YES;
				GCC_OPTIMIZATION_LEVEL = 0;
				GCC_PREPROCESSOR_DEFINITIONS = (
					"DEBUG=1",
					"$(inherited)",
				);
				GCC_WARN_64_TO_32_BIT_CONVERSION = YES;
				GCC_WARN_ABOUT_RETURN_TYPE = YES_ERROR;
				GCC_WARN_UNDECLARED_SELECTOR = YES;
				GCC_WARN_UNINITIALIZED_AUTOS = YES_AGGRESSIVE;
				GCC_WARN_UNUSED_FUNCTION = YES;
				GCC_WARN_UNUSED_VARIABLE = YES;
				IPHONEOS_DEPLOYMENT_TARGET = 16.2;
				MTL_ENABLE_DEBUG_INFO = INCLUDE_SOURCE;
				MTL_FAST_MATH = YES;
				ONLY_ACTIVE_ARCH = YES;
				SDKROOT = iphoneos;
				SWIFT_ACTIVE_COMPILATION_CONDITIONS = DEBUG;
				SWIFT_OPTIMIZATION_LEVEL = "-Onone";
			};
			name = Debug;
		};
		CECEF0362A14B17400E6682C /* Release */ = {
			isa = XCBuildConfiguration;
			buildSettings = {
				ALWAYS_SEARCH_USER_PATHS = NO;
				CLANG_ANALYZER_NONNULL = YES;
				CLANG_ANALYZER_NUMBER_OBJECT_CONVERSION = YES_AGGRESSIVE;
				CLANG_CXX_LANGUAGE_STANDARD = "gnu++20";
				CLANG_ENABLE_MODULES = YES;
				CLANG_ENABLE_OBJC_ARC = YES;
				CLANG_ENABLE_OBJC_WEAK = YES;
				CLANG_WARN_BLOCK_CAPTURE_AUTORELEASING = YES;
				CLANG_WARN_BOOL_CONVERSION = YES;
				CLANG_WARN_COMMA = YES;
				CLANG_WARN_CONSTANT_CONVERSION = YES;
				CLANG_WARN_DEPRECATED_OBJC_IMPLEMENTATIONS = YES;
				CLANG_WARN_DIRECT_OBJC_ISA_USAGE = YES_ERROR;
				CLANG_WARN_DOCUMENTATION_COMMENTS = YES;
				CLANG_WARN_EMPTY_BODY = YES;
				CLANG_WARN_ENUM_CONVERSION = YES;
				CLANG_WARN_INFINITE_RECURSION = YES;
				CLANG_WARN_INT_CONVERSION = YES;
				CLANG_WARN_NON_LITERAL_NULL_CONVERSION = YES;
				CLANG_WARN_OBJC_IMPLICIT_RETAIN_SELF = YES;
				CLANG_WARN_OBJC_LITERAL_CONVERSION = YES;
				CLANG_WARN_OBJC_ROOT_CLASS = YES_ERROR;
				CLANG_WARN_QUOTED_INCLUDE_IN_FRAMEWORK_HEADER = YES;
				CLANG_WARN_RANGE_LOOP_ANALYSIS = YES;
				CLANG_WARN_STRICT_PROTOTYPES = YES;
				CLANG_WARN_SUSPICIOUS_MOVE = YES;
				CLANG_WARN_UNGUARDED_AVAILABILITY = YES_AGGRESSIVE;
				CLANG_WARN_UNREACHABLE_CODE = YES;
				CLANG_WARN__DUPLICATE_METHOD_MATCH = YES;
				COPY_PHASE_STRIP = NO;
				DEBUG_INFORMATION_FORMAT = "dwarf-with-dsym";
				ENABLE_NS_ASSERTIONS = NO;
				ENABLE_STRICT_OBJC_MSGSEND = YES;
				GCC_C_LANGUAGE_STANDARD = gnu11;
				GCC_NO_COMMON_BLOCKS = YES;
				GCC_WARN_64_TO_32_BIT_CONVERSION = YES;
				GCC_WARN_ABOUT_RETURN_TYPE = YES_ERROR;
				GCC_WARN_UNDECLARED_SELECTOR = YES;
				GCC_WARN_UNINITIALIZED_AUTOS = YES_AGGRESSIVE;
				GCC_WARN_UNUSED_FUNCTION = YES;
				GCC_WARN_UNUSED_VARIABLE = YES;
				IPHONEOS_DEPLOYMENT_TARGET = 16.2;
				MTL_ENABLE_DEBUG_INFO = NO;
				MTL_FAST_MATH = YES;
				SDKROOT = iphoneos;
				SWIFT_COMPILATION_MODE = wholemodule;
				SWIFT_OPTIMIZATION_LEVEL = "-O";
				VALIDATE_PRODUCT = YES;
			};
			name = Release;
		};
		CECEF0382A14B17400E6682C /* Debug */ = {
			isa = XCBuildConfiguration;
			baseConfigurationReference = 8C1198B6188FB34F995F7904 /* Pods-kf_source.debug.xcconfig */;
			buildSettings = {
				ASSETCATALOG_COMPILER_APPICON_NAME = AppIcon;
				ASSETCATALOG_COMPILER_GLOBAL_ACCENT_COLOR_NAME = AccentColor;
				CODE_SIGN_STYLE = Automatic;
				CURRENT_PROJECT_VERSION = 1;
				GENERATE_INFOPLIST_FILE = YES;
				INFOPLIST_FILE = kf_source/Info.plist;
				INFOPLIST_KEY_UIApplicationSupportsIndirectInputEvents = YES;
				INFOPLIST_KEY_UILaunchStoryboardName = LaunchScreen;
				INFOPLIST_KEY_UIMainStoryboardFile = Main;
				INFOPLIST_KEY_UISupportedInterfaceOrientations_iPad = "UIInterfaceOrientationPortrait UIInterfaceOrientationPortraitUpsideDown UIInterfaceOrientationLandscapeLeft UIInterfaceOrientationLandscapeRight";
				INFOPLIST_KEY_UISupportedInterfaceOrientations_iPhone = "UIInterfaceOrientationPortrait UIInterfaceOrientationLandscapeLeft UIInterfaceOrientationLandscapeRight";
				LD_RUNPATH_SEARCH_PATHS = (
					"$(inherited)",
					"@executable_path/Frameworks",
				);
				MARKETING_VERSION = 1.0;
				PRODUCT_BUNDLE_IDENTIFIER = "udp.com.kf-source";
				PRODUCT_NAME = "$(TARGET_NAME)";
				SWIFT_EMIT_LOC_STRINGS = YES;
				SWIFT_VERSION = 5.0;
				TARGETED_DEVICE_FAMILY = "1,2";
			};
			name = Debug;
		};
		CECEF0392A14B17400E6682C /* Release */ = {
			isa = XCBuildConfiguration;
			baseConfigurationReference = 6523243A3ED9FE7526FFFD5D /* Pods-kf_source.release.xcconfig */;
			buildSettings = {
				ASSETCATALOG_COMPILER_APPICON_NAME = AppIcon;
				ASSETCATALOG_COMPILER_GLOBAL_ACCENT_COLOR_NAME = AccentColor;
				CODE_SIGN_STYLE = Automatic;
				CURRENT_PROJECT_VERSION = 1;
				GENERATE_INFOPLIST_FILE = YES;
				INFOPLIST_FILE = kf_source/Info.plist;
				INFOPLIST_KEY_UIApplicationSupportsIndirectInputEvents = YES;
				INFOPLIST_KEY_UILaunchStoryboardName = LaunchScreen;
				INFOPLIST_KEY_UIMainStoryboardFile = Main;
				INFOPLIST_KEY_UISupportedInterfaceOrientations_iPad = "UIInterfaceOrientationPortrait UIInterfaceOrientationPortraitUpsideDown UIInterfaceOrientationLandscapeLeft UIInterfaceOrientationLandscapeRight";
				INFOPLIST_KEY_UISupportedInterfaceOrientations_iPhone = "UIInterfaceOrientationPortrait UIInterfaceOrientationLandscapeLeft UIInterfaceOrientationLandscapeRight";
				LD_RUNPATH_SEARCH_PATHS = (
					"$(inherited)",
					"@executable_path/Frameworks",
				);
				MARKETING_VERSION = 1.0;
				PRODUCT_BUNDLE_IDENTIFIER = "udp.com.kf-source";
				PRODUCT_NAME = "$(TARGET_NAME)";
				SWIFT_EMIT_LOC_STRINGS = YES;
				SWIFT_VERSION = 5.0;
				TARGETED_DEVICE_FAMILY = "1,2";
			};
			name = Release;
		};
		CECEF03B2A14B17400E6682C /* Debug */ = {
			isa = XCBuildConfiguration;
			baseConfigurationReference = FD8DA7EC8E7ABE967210C6E9 /* Pods-kf_sourceTests.debug.xcconfig */;
			buildSettings = {
				ALWAYS_EMBED_SWIFT_STANDARD_LIBRARIES = YES;
				BUNDLE_LOADER = "$(TEST_HOST)";
				CODE_SIGN_STYLE = Automatic;
				CURRENT_PROJECT_VERSION = 1;
				GENERATE_INFOPLIST_FILE = YES;
				IPHONEOS_DEPLOYMENT_TARGET = 16.2;
				MARKETING_VERSION = 1.0;
				PRODUCT_BUNDLE_IDENTIFIER = "udp.com.kf-sourceTests";
				PRODUCT_NAME = "$(TARGET_NAME)";
				SWIFT_EMIT_LOC_STRINGS = NO;
				SWIFT_VERSION = 5.0;
				TARGETED_DEVICE_FAMILY = "1,2";
				TEST_HOST = "$(BUILT_PRODUCTS_DIR)/kf_source.app/$(BUNDLE_EXECUTABLE_FOLDER_PATH)/kf_source";
			};
			name = Debug;
		};
		CECEF03C2A14B17400E6682C /* Release */ = {
			isa = XCBuildConfiguration;
			baseConfigurationReference = F192D03F9FCA139514D4BD99 /* Pods-kf_sourceTests.release.xcconfig */;
			buildSettings = {
				ALWAYS_EMBED_SWIFT_STANDARD_LIBRARIES = YES;
				BUNDLE_LOADER = "$(TEST_HOST)";
				CODE_SIGN_STYLE = Automatic;
				CURRENT_PROJECT_VERSION = 1;
				GENERATE_INFOPLIST_FILE = YES;
				IPHONEOS_DEPLOYMENT_TARGET = 16.2;
				MARKETING_VERSION = 1.0;
				PRODUCT_BUNDLE_IDENTIFIER = "udp.com.kf-sourceTests";
				PRODUCT_NAME = "$(TARGET_NAME)";
				SWIFT_EMIT_LOC_STRINGS = NO;
				SWIFT_VERSION = 5.0;
				TARGETED_DEVICE_FAMILY = "1,2";
				TEST_HOST = "$(BUILT_PRODUCTS_DIR)/kf_source.app/$(BUNDLE_EXECUTABLE_FOLDER_PATH)/kf_source";
			};
			name = Release;
		};
		CECEF03E2A14B17400E6682C /* Debug */ = {
			isa = XCBuildConfiguration;
			baseConfigurationReference = 053FDEE2808864D97FB16AA8 /* Pods-kf_source-kf_sourceUITests.debug.xcconfig */;
			buildSettings = {
				ALWAYS_EMBED_SWIFT_STANDARD_LIBRARIES = YES;
				CODE_SIGN_STYLE = Automatic;
				CURRENT_PROJECT_VERSION = 1;
				GENERATE_INFOPLIST_FILE = YES;
				MARKETING_VERSION = 1.0;
				PRODUCT_BUNDLE_IDENTIFIER = "udp.com.kf-sourceUITests";
				PRODUCT_NAME = "$(TARGET_NAME)";
				SWIFT_EMIT_LOC_STRINGS = NO;
				SWIFT_VERSION = 5.0;
				TARGETED_DEVICE_FAMILY = "1,2";
				TEST_TARGET_NAME = kf_source;
			};
			name = Debug;
		};
		CECEF03F2A14B17400E6682C /* Release */ = {
			isa = XCBuildConfiguration;
			baseConfigurationReference = 660EDA43AE5C311803A7C59C /* Pods-kf_source-kf_sourceUITests.release.xcconfig */;
			buildSettings = {
				ALWAYS_EMBED_SWIFT_STANDARD_LIBRARIES = YES;
				CODE_SIGN_STYLE = Automatic;
				CURRENT_PROJECT_VERSION = 1;
				GENERATE_INFOPLIST_FILE = YES;
				MARKETING_VERSION = 1.0;
				PRODUCT_BUNDLE_IDENTIFIER = "udp.com.kf-sourceUITests";
				PRODUCT_NAME = "$(TARGET_NAME)";
				SWIFT_EMIT_LOC_STRINGS = NO;
				SWIFT_VERSION = 5.0;
				TARGETED_DEVICE_FAMILY = "1,2";
				TEST_TARGET_NAME = kf_source;
			};
			name = Release;
		};
/* End XCBuildConfiguration section */

/* Begin XCConfigurationList section */
		CECEF0082A14B17100E6682C /* Build configuration list for PBXProject "kf_source" */ = {
			isa = XCConfigurationList;
			buildConfigurations = (
				CECEF0352A14B17400E6682C /* Debug */,
				CECEF0362A14B17400E6682C /* Release */,
			);
			defaultConfigurationIsVisible = 0;
			defaultConfigurationName = Release;
		};
		CECEF0372A14B17400E6682C /* Build configuration list for PBXNativeTarget "kf_source" */ = {
			isa = XCConfigurationList;
			buildConfigurations = (
				CECEF0382A14B17400E6682C /* Debug */,
				CECEF0392A14B17400E6682C /* Release */,
			);
			defaultConfigurationIsVisible = 0;
			defaultConfigurationName = Release;
		};
		CECEF03A2A14B17400E6682C /* Build configuration list for PBXNativeTarget "kf_sourceTests" */ = {
			isa = XCConfigurationList;
			buildConfigurations = (
				CECEF03B2A14B17400E6682C /* Debug */,
				CECEF03C2A14B17400E6682C /* Release */,
			);
			defaultConfigurationIsVisible = 0;
			defaultConfigurationName = Release;
		};
		CECEF03D2A14B17400E6682C /* Build configuration list for PBXNativeTarget "kf_sourceUITests" */ = {
			isa = XCConfigurationList;
			buildConfigurations = (
				CECEF03E2A14B17400E6682C /* Debug */,
				CECEF03F2A14B17400E6682C /* Release */,
			);
			defaultConfigurationIsVisible = 0;
			defaultConfigurationName = Release;
		};
/* End XCConfigurationList section */
	};
	rootObject = CECEF0052A14B17100E6682C /* Project object */;
}
